{
  "name": "export-users-with-meta",
  "version": "0.1.0",
  "lockfileVersion": 1,
  "requires": true,
  "dependencies": {
    "select2": {
      "version": "4.0.8",
      "resolved": "https://registry.npmjs.org/select2/-/select2-4.0.8.tgz",
      "integrity": "sha512-H/I2mq71oiEe51S74hdUv4QubH1EJNLEMnjfQucftLa8GiuT5+RKIHwlV/7I/YUqZg0wsYQM946eFG/ntRPF/Q=="
    }
  }
}
